
Microsoft Visual Studio Solution File, Format Version 12.00
# Visual Studio Version 16
VisualStudioVersion = 16.0.30002.166
MinimumVisualStudioVersion = 10.0.40219.1
Project("{FAE04EC0-301F-11D3-BF4B-00C04F79EFBC}") = "gRPCService", "gRPCService\gRPCService.csproj", "{55BA8AB9-7C54-4C2A-A9F0-94F439CDEF16}"
EndProject
Project("{FAE04EC0-301F-11D3-BF4B-00C04F79EFBC}") = "gRPCClient", "gRPCClient\gRPCClient.csproj", "{1F5B3A05-E579-473C-9C99-D75265F097F3}"
EndProject
Global
	GlobalSection(SolutionConfigurationPlatforms) = preSolution
		Debug|Any CPU = Debug|Any CPU
		Release|Any CPU = Release|Any CPU
	EndGlobalSection
	GlobalSection(ProjectConfigurationPlatforms) = postSolution
		{55BA8AB9-7C54-4C2A-A9F0-94F439CDEF16}.Debug|Any CPU.ActiveCfg = Debug|Any CPU
		{55BA8AB9-7C54-4C2A-A9F0-94F439CDEF16}.Debug|Any CPU.Build.0 = Debug|Any CPU
		{55BA8AB9-7C54-4C2A-A9F0-94F439CDEF16}.Release|Any CPU.ActiveCfg = Release|Any CPU
		{55BA8AB9-7C54-4C2A-A9F0-94F439CDEF16}.Release|Any CPU.Build.0 = Release|Any CPU
		{1F5B3A05-E579-473C-9C99-D75265F097F3}.Debug|Any CPU.ActiveCfg = Debug|Any CPU
		{1F5B3A05-E579-473C-9C99-D75265F097F3}.Debug|Any CPU.Build.0 = Debug|Any CPU
		{1F5B3A05-E579-473C-9C99-D75265F097F3}.Release|Any CPU.ActiveCfg = Release|Any CPU
		{1F5B3A05-E579-473C-9C99-D75265F097F3}.Release|Any CPU.Build.0 = Release|Any CPU
	EndGlobalSection
	GlobalSection(SolutionProperties) = preSolution
		HideSolutionNode = FALSE
	EndGlobalSection
	GlobalSection(ExtensibilityGlobals) = postSolution
		SolutionGuid = {EB2D08D1-E796-440B-BB2F-7C414EC18393}
	EndGlobalSection
EndGlobal
